// !$*UTF8*$!
{
	archiveVersion = 1;
	classes = {
	};
	objectVersion = 56;
	objects = {

/* Begin PBXBuildFile section */
		85A7ACFE2A7088E600343B33 /* unitTestsApp.swift in Sources */ = {isa = PBXBuildFile; fileRef = 85A7ACFD2A7088E600343B33 /* unitTestsApp.swift */; };
		85A7AD002A7088E600343B33 /* ContentView.swift in Sources */ = {isa = PBXBuildFile; fileRef = 85A7ACFF2A7088E600343B33 /* ContentView.swift */; };
		85A7AD022A7088E700343B33 /* Assets.xcassets in Resources */ = {isa = PBXBuildFile; fileRef = 85A7AD012A7088E700343B33 /* Assets.xcassets */; };
		85A7AD052A7088E700343B33 /* Preview Assets.xcassets in Resources */ = {isa = PBXBuildFile; fileRef = 85A7AD042A7088E700343B33 /* Preview Assets.xcassets */; };
		85B5BEF92A730B14009775C2 /* unitTestsTests.swift in Sources */ = {isa = PBXBuildFile; fileRef = 85B5BEF82A730B14009775C2 /* unitTestsTests.swift */; };
		85B5BF002A730B5C009775C2 /* calculationTest.swift in Sources */ = {isa = PBXBuildFile; fileRef = 85B5BEFF2A730B5C009775C2 /* calculationTest.swift */; };
/* End PBXBuildFile section */

/* Begin PBXContainerItemProxy section */
		85B5BEFA2A730B14009775C2 /* PBXContainerItemProxy */ = {
			isa = PBXContainerItemProxy;
			containerPortal = 85A7ACF22A7088E600343B33 /* Project object */;
			proxyType = 1;
			remoteGlobalIDString = 85A7ACF92A7088E600343B33;
			remoteInfo = unitTests;
		};
/* End PBXContainerItemProxy section */

/* Begin PBXFileReference section */
		85A7ACFA2A7088E600343B33 /* unitTests.app */ = {isa = PBXFileReference; explicitFileType = wrapper.application; includeInIndex = 0; path = unitTests.app; sourceTree = BUILT_PRODUCTS_DIR; };
		85A7ACFD2A7088E600343B33 /* unitTestsApp.swift */ = {isa = PBXFileReference; lastKnownFileType = sourcecode.swift; path = unitTestsApp.swift; sourceTree = "<group>"; };
		85A7ACFF2A7088E600343B33 /* ContentView.swift */ = {isa = PBXFileReference; lastKnownFileType = sourcecode.swift; path = ContentView.swift; sourceTree = "<group>"; };
		85A7AD012A7088E700343B33 /* Assets.xcassets */ = {isa = PBXFileReference; lastKnownFileType = folder.assetcatalog; path = Assets.xcassets; sourceTree = "<group>"; };
		85A7AD042A7088E700343B33 /* Preview Assets.xcassets */ = {isa = PBXFileReference; lastKnownFileType = folder.assetcatalog; path = "Preview Assets.xcassets"; sourceTree = "<group>"; };
		85B5BEF62A730B14009775C2 /* unitTestsTests.xctest */ = {isa = PBXFileReference; explicitFileType = wrapper.cfbundle; includeInIndex = 0; path = unitTestsTests.xctest; sourceTree = BUILT_PRODUCTS_DIR; };
		85B5BEF82A730B14009775C2 /* unitTestsTests.swift */ = {isa = PBXFileReference; lastKnownFileType = sourcecode.swift; path = unitTestsTests.swift; sourceTree = "<group>"; };
		85B5BEFF2A730B5C009775C2 /* calculationTest.swift */ = {isa = PBXFileReference; lastKnownFileType = sourcecode.swift; path = calculationTest.swift; sourceTree = "<group>"; };
/* End PBXFileReference section */

/* Begin PBXFrameworksBuildPhase section */
		85A7ACF72A7088E600343B33 /* Frameworks */ = {
			isa = PBXFrameworksBuildPhase;
			buildActionMask = 2147483647;
			files = (
			);
			runOnlyForDeploymentPostprocessing = 0;
		};
		85B5BEF32A730B14009775C2 /* Frameworks */ = {
			isa = PBXFrameworksBuildPhase;
			buildActionMask = 2147483647;
			files = (
			);
			runOnlyForDeploymentPostprocessing = 0;
		};
/* End PBXFrameworksBuildPhase section */

/* Begin PBXGroup section */
		85A7ACF12A7088E600343B33 = {
			isa = PBXGroup;
			children = (
				85A7ACFC2A7088E600343B33 /* unitTests */,
				85B5BEF72A730B14009775C2 /* unitTestsTests */,
				85A7ACFB2A7088E600343B33 /* Products */,
			);
			sourceTree = "<group>";
		};
		85A7ACFB2A7088E600343B33 /* Products */ = {
			isa = PBXGroup;
			children = (
				85A7ACFA2A7088E600343B33 /* unitTests.app */,
				85B5BEF62A730B14009775C2 /* unitTestsTests.xctest */,
			);
			name = Products;
			sourceTree = "<group>";
		};
		85A7ACFC2A7088E600343B33 /* unitTests */ = {
			isa = PBXGroup;
			children = (
				85A7ACFD2A7088E600343B33 /* unitTestsApp.swift */,
				85A7ACFF2A7088E600343B33 /* ContentView.swift */,
				85A7AD012A7088E700343B33 /* Assets.xcassets */,
				85A7AD032A7088E700343B33 /* Preview Content */,
			);
			path = unitTests;
			sourceTree = "<group>";
		};
		85A7AD032A7088E700343B33 /* Preview Content */ = {
			isa = PBXGroup;
			children = (
				85A7AD042A7088E700343B33 /* Preview Assets.xcassets */,
			);
			path = "Preview Content";
			sourceTree = "<group>";
		};
		85B5BEF72A730B14009775C2 /* unitTestsTests */ = {
			isa = PBXGroup;
			children = (
				85B5BEF82A730B14009775C2 /* unitTestsTests.swift */,
				85B5BEFF2A730B5C009775C2 /* calculationTest.swift */,
			);
			path = unitTestsTests;
			sourceTree = "<group>";
		};
/* End PBXGroup section */

/* Begin PBXNativeTarget section */
		85A7ACF92A7088E600343B33 /* unitTests */ = {
			isa = PBXNativeTarget;
			buildConfigurationList = 85A7AD082A7088E700343B33 /* Build configuration list for PBXNativeTarget "unitTests" */;
			buildPhases = (
				85A7ACF62A7088E600343B33 /* Sources */,
				85A7ACF72A7088E600343B33 /* Frameworks */,
				85A7ACF82A7088E600343B33 /* Resources */,
			);
			buildRules = (
			);
			dependencies = (
			);
			name = unitTests;
			productName = unitTests;
			productReference = 85A7ACFA2A7088E600343B33 /* unitTests.app */;
			productType = "com.apple.product-type.application";
		};
		85B5BEF52A730B14009775C2 /* unitTestsTests */ = {
			isa = PBXNativeTarget;
			buildConfigurationList = 85B5BEFE2A730B14009775C2 /* Build configuration list for PBXNativeTarget "unitTestsTests" */;
			buildPhases = (
				85B5BEF22A730B14009775C2 /* Sources */,
				85B5BEF32A730B14009775C2 /* Frameworks */,
				85B5BEF42A730B14009775C2 /* Resources */,
			);
			buildRules = (
			);
			dependencies = (
				85B5BEFB2A730B14009775C2 /* PBXTargetDependency */,
			);
			name = unitTestsTests;
			productName = unitTestsTests;
			productReference = 85B5BEF62A730B14009775C2 /* unitTestsTests.xctest */;
			productType = "com.apple.product-type.bundle.unit-test";
		};
/* End PBXNativeTarget section */

/* Begin PBXProject section */
		85A7ACF22A7088E600343B33 /* Project object */ = {
			isa = PBXProject;
			attributes = {
				BuildIndependentTargetsInParallel = 1;
				LastSwiftUpdateCheck = 1430;
				LastUpgradeCheck = 1430;
				TargetAttributes = {
					85A7ACF92A7088E600343B33 = {
						CreatedOnToolsVersion = 14.3.1;
					};
					85B5BEF52A730B14009775C2 = {
						CreatedOnToolsVersion = 14.3.1;
						TestTargetID = 85A7ACF92A7088E600343B33;
					};
				};
			};
			buildConfigurationList = 85A7ACF52A7088E600343B33 /* Build configuration list for PBXProject "unitTests" */;
			compatibilityVersion = "Xcode 14.0";
			developmentRegion = en;
			hasScannedForEncodings = 0;
			knownRegions = (
				en,
				Base,
			);
			mainGroup = 85A7ACF12A7088E600343B33;
			productRefGroup = 85A7ACFB2A7088E600343B33 /* Products */;
			projectDirPath = "";
			projectRoot = "";
			targets = (
				85A7ACF92A7088E600343B33 /* unitTests */,
				85B5BEF52A730B14009775C2 /* unitTestsTests */,
			);
		};
/* End PBXProject section */

/* Begin PBXResourcesBuildPhase section */
		85A7ACF82A7088E600343B33 /* Resources */ = {
			isa = PBXResourcesBuildPhase;
			buildActionMask = 2147483647;
			files = (
				85A7AD052A7088E700343B33 /* Preview Assets.xcassets in Resources */,
				85A7AD022A7088E700343B33 /* Assets.xcassets in Resources */,
			);
			runOnlyForDeploymentPostprocessing = 0;
		};
		85B5BEF42A730B14009775C2 /* Resources */ = {
			isa = PBXResourcesBuildPhase;
			buildActionMask = 2147483647;
			files = (
			);
			runOnlyForDeploymentPostprocessing = 0;
		};
/* End PBXResourcesBuildPhase section */

/* Begin PBXSourcesBuildPhase section */
		85A7ACF62A7088E600343B33 /* Sources */ = {
			isa = PBXSourcesBuildPhase;
			buildActionMask = 2147483647;
			files = (
				85A7AD002A7088E600343B33 /* ContentView.swift in Sources */,
				85A7ACFE2A7088E600343B33 /* unitTestsApp.swift in Sources */,
			);
			runOnlyForDeploymentPostprocessing = 0;
		};
		85B5BEF22A730B14009775C2 /* Sources */ = {
			isa = PBXSourcesBuildPhase;
			buildActionMask = 2147483647;
			files = (
				85B5BEF92A730B14009775C2 /* unitTestsTests.swift in Sources */,
				85B5BF002A730B5C009775C2 /* calculationTest.swift in Sources */,
			);
			runOnlyForDeploymentPostprocessing = 0;
		};
/* End PBXSourcesBuildPhase section */

/* Begin PBXTargetDependency section */
		85B5BEFB2A730B14009775C2 /* PBXTargetDependency */ = {
			isa = PBXTargetDependency;
			target = 85A7ACF92A7088E600343B33 /* unitTests */;
			targetProxy = 85B5BEFA2A730B14009775C2 /* PBXContainerItemProxy */;
		};
/* End PBXTargetDependency section */

/* Begin XCBuildConfiguration section */
		85A7AD062A7088E700343B33 /* Debug */ = {
			isa = XCBuildConfiguration;
			buildSettings = {
				ALWAYS_SEARCH_USER_PATHS = NO;
				CLANG_ANALYZER_NONNULL = YES;
				CLANG_ANALYZER_NUMBER_OBJECT_CONVERSION = YES_AGGRESSIVE;
				CLANG_CXX_LANGUAGE_STANDARD = "gnu++20";
				CLANG_ENABLE_MODULES = YES;
				CLANG_ENABLE_OBJC_ARC = YES;
				CLANG_ENABLE_OBJC_WEAK = YES;
				CLANG_WARN_BLOCK_CAPTURE_AUTORELEASING = YES;
				CLANG_WARN_BOOL_CONVERSION = YES;
				CLANG_WARN_COMMA = YES;
				CLANG_WARN_CONSTANT_CONVERSION = YES;
				CLANG_WARN_DEPRECATED_OBJC_IMPLEMENTATIONS = YES;
				CLANG_WARN_DIRECT_OBJC_ISA_USAGE = YES_ERROR;
				CLANG_WARN_DOCUMENTATION_COMMENTS = YES;
				CLANG_WARN_EMPTY_BODY = YES;
				CLANG_WARN_ENUM_CONVERSION = YES;
				CLANG_WARN_INFINITE_RECURSION = YES;
				CLANG_WARN_INT_CONVERSION = YES;
				CLANG_WARN_NON_LITERAL_NULL_CONVERSION = YES;
				CLANG_WARN_OBJC_IMPLICIT_RETAIN_SELF = YES;
				CLANG_WARN_OBJC_LITERAL_CONVERSION = YES;
				CLANG_WARN_OBJC_ROOT_CLASS = YES_ERROR;
				CLANG_WARN_QUOTED_INCLUDE_IN_FRAMEWORK_HEADER = YES;
				CLANG_WARN_RANGE_LOOP_ANALYSIS = YES;
				CLANG_WARN_STRICT_PROTOTYPES = YES;
				CLANG_WARN_SUSPICIOUS_MOVE = YES;
				CLANG_WARN_UNGUARDED_AVAILABILITY = YES_AGGRESSIVE;
				CLANG_WARN_UNREACHABLE_CODE = YES;
				CLANG_WARN__DUPLICATE_METHOD_MATCH = YES;
				COPY_PHASE_STRIP = NO;
				DEBUG_INFORMATION_FORMAT = dwarf;
				ENABLE_STRICT_OBJC_MSGSEND = YES;
				ENABLE_TESTABILITY = YES;
				GCC_C_LANGUAGE_STANDARD = gnu11;
				GCC_DYNAMIC_NO_PIC = NO;
				GCC_NO_COMMON_BLOCKS = YES;
				GCC_OPTIMIZATION_LEVEL = 0;
				GCC_PREPROCESSOR_DEFINITIONS = (
					"DEBUG=1",
					"$(inherited)",
				);
				GCC_WARN_64_TO_32_BIT_CONVERSION = YES;
				GCC_WARN_ABOUT_RETURN_TYPE = YES_ERROR;
				GCC_WARN_UNDECLARED_SELECTOR = YES;
				GCC_WARN_UNINITIALIZED_AUTOS = YES_AGGRESSIVE;
				GCC_WARN_UNUSED_FUNCTION = YES;
				GCC_WARN_UNUSED_VARIABLE = YES;
				IPHONEOS_DEPLOYMENT_TARGET = 16.4;
				MTL_ENABLE_DEBUG_INFO = INCLUDE_SOURCE;
				MTL_FAST_MATH = YES;
				ONLY_ACTIVE_ARCH = YES;
				SDKROOT = iphoneos;
				SWIFT_ACTIVE_COMPILATION_CONDITIONS = DEBUG;
				SWIFT_OPTIMIZATION_LEVEL = "-Onone";
			};
			name = Debug;
		};
		85A7AD072A7088E700343B33 /* Release */ = {
			isa = XCBuildConfiguration;
			buildSettings = {
				ALWAYS_SEARCH_USER_PATHS = NO;
				CLANG_ANALYZER_NONNULL = YES;
				CLANG_ANALYZER_NUMBER_OBJECT_CONVERSION = YES_AGGRESSIVE;
				CLANG_CXX_LANGUAGE_STANDARD = "gnu++20";
				CLANG_ENABLE_MODULES = YES;
				CLANG_ENABLE_OBJC_ARC = YES;
				CLANG_ENABLE_OBJC_WEAK = YES;
				CLANG_WARN_BLOCK_CAPTURE_AUTORELEASING = YES;
				CLANG_WARN_BOOL_CONVERSION = YES;
				CLANG_WARN_COMMA = YES;
				CLANG_WARN_CONSTANT_CONVERSION = YES;
				CLANG_WARN_DEPRECATED_OBJC_IMPLEMENTATIONS = YES;
				CLANG_WARN_DIRECT_OBJC_ISA_USAGE = YES_ERROR;
				CLANG_WARN_DOCUMENTATION_COMMENTS = YES;
				CLANG_WARN_EMPTY_BODY = YES;
				CLANG_WARN_ENUM_CONVERSION = YES;
				CLANG_WARN_INFINITE_RECURSION = YES;
				CLANG_WARN_INT_CONVERSION = YES;
				CLANG_WARN_NON_LITERAL_NULL_CONVERSION = YES;
				CLANG_WARN_OBJC_IMPLICIT_RETAIN_SELF = YES;
				CLANG_WARN_OBJC_LITERAL_CONVERSION = YES;
				CLANG_WARN_OBJC_ROOT_CLASS = YES_ERROR;
				CLANG_WARN_QUOTED_INCLUDE_IN_FRAMEWORK_HEADER = YES;
				CLANG_WARN_RANGE_LOOP_ANALYSIS = YES;
				CLANG_WARN_STRICT_PROTOTYPES = YES;
				CLANG_WARN_SUSPICIOUS_MOVE = YES;
				CLANG_WARN_UNGUARDED_AVAILABILITY = YES_AGGRESSIVE;
				CLANG_WARN_UNREACHABLE_CODE = YES;
				CLANG_WARN__DUPLICATE_METHOD_MATCH = YES;
				COPY_PHASE_STRIP = NO;
				DEBUG_INFORMATION_FORMAT = "dwarf-with-dsym";
				ENABLE_NS_ASSERTIONS = NO;
				ENABLE_STRICT_OBJC_MSGSEND = YES;
				GCC_C_LANGUAGE_STANDARD = gnu11;
				GCC_NO_COMMON_BLOCKS = YES;
				GCC_WARN_64_TO_32_BIT_CONVERSION = YES;
				GCC_WARN_ABOUT_RETURN_TYPE = YES_ERROR;
				GCC_WARN_UNDECLARED_SELECTOR = YES;
				GCC_WARN_UNINITIALIZED_AUTOS = YES_AGGRESSIVE;
				GCC_WARN_UNUSED_FUNCTION = YES;
				GCC_WARN_UNUSED_VARIABLE = YES;
				IPHONEOS_DEPLOYMENT_TARGET = 16.4;
				MTL_ENABLE_DEBUG_INFO = NO;
				MTL_FAST_MATH = YES;
				SDKROOT = iphoneos;
				SWIFT_COMPILATION_MODE = wholemodule;
				SWIFT_OPTIMIZATION_LEVEL = "-O";
				VALIDATE_PRODUCT = YES;
			};
			name = Release;
		};
		85A7AD092A7088E700343B33 /* Debug */ = {
			isa = XCBuildConfiguration;
			buildSettings = {
				ASSETCATALOG_COMPILER_APPICON_NAME = AppIcon;
				ASSETCATALOG_COMPILER_GLOBAL_ACCENT_COLOR_NAME = AccentColor;
				CODE_SIGN_STYLE = Automatic;
				CURRENT_PROJECT_VERSION = 1;
				DEVELOPMENT_ASSET_PATHS = "\"unitTests/Preview Content\"";
				ENABLE_PREVIEWS = YES;
				GENERATE_INFOPLIST_FILE = YES;
				INFOPLIST_KEY_UIApplicationSceneManifest_Generation = YES;
				INFOPLIST_KEY_UIApplicationSupportsIndirectInputEvents = YES;
				INFOPLIST_KEY_UILaunchScreen_Generation = YES;
				INFOPLIST_KEY_UISupportedInterfaceOrientations_iPad = "UIInterfaceOrientationPortrait UIInterfaceOrientationPortraitUpsideDown UIInterfaceOrientationLandscapeLeft UIInterfaceOrientationLandscapeRight";
				INFOPLIST_KEY_UISupportedInterfaceOrientations_iPhone = "UIInterfaceOrientationPortrait UIInterfaceOrientationLandscapeLeft UIInterfaceOrientationLandscapeRight";
				LD_RUNPATH_SEARCH_PATHS = (
					"$(inherited)",
					"@executable_path/Frameworks",
				);
				MARKETING_VERSION = 1.0;
				PRODUCT_BUNDLE_IDENTIFIER = com.elduverx.unitTests;
				PRODUCT_NAME = "$(TARGET_NAME)";
				SWIFT_EMIT_LOC_STRINGS = YES;
				SWIFT_VERSION = 5.0;
				TARGETED_DEVICE_FAMILY = "1,2";
			};
			name = Debug;
		};
		85A7AD0A2A7088E700343B33 /* Release */ = {
			isa = XCBuildConfiguration;
			buildSettings = {
				ASSETCATALOG_COMPILER_APPICON_NAME = AppIcon;
				ASSETCATALOG_COMPILER_GLOBAL_ACCENT_COLOR_NAME = AccentColor;
				CODE_SIGN_STYLE = Automatic;
				CURRENT_PROJECT_VERSION = 1;
				DEVELOPMENT_ASSET_PATHS = "\"unitTests/Preview Content\"";
				ENABLE_PREVIEWS = YES;
				GENERATE_INFOPLIST_FILE = YES;
				INFOPLIST_KEY_UIApplicationSceneManifest_Generation = YES;
				INFOPLIST_KEY_UIApplicationSupportsIndirectInputEvents = YES;
				INFOPLIST_KEY_UILaunchScreen_Generation = YES;
				INFOPLIST_KEY_UISupportedInterfaceOrientations_iPad = "UIInterfaceOrientationPortrait UIInterfaceOrientationPortraitUpsideDown UIInterfaceOrientationLandscapeLeft UIInterfaceOrientationLandscapeRight";
				INFOPLIST_KEY_UISupportedInterfaceOrientations_iPhone = "UIInterfaceOrientationPortrait UIInterfaceOrientationLandscapeLeft UIInterfaceOrientationLandscapeRight";
				LD_RUNPATH_SEARCH_PATHS = (
					"$(inherited)",
					"@executable_path/Frameworks",
				);
				MARKETING_VERSION = 1.0;
				PRODUCT_BUNDLE_IDENTIFIER = com.elduverx.unitTests;
				PRODUCT_NAME = "$(TARGET_NAME)";
				SWIFT_EMIT_LOC_STRINGS = YES;
				SWIFT_VERSION = 5.0;
				TARGETED_DEVICE_FAMILY = "1,2";
			};
			name = Release;
		};
		85B5BEFC2A730B14009775C2 /* Debug */ = {
			isa = XCBuildConfiguration;
			buildSettings = {
				BUNDLE_LOADER = "$(TEST_HOST)";
				CODE_SIGN_STYLE = Automatic;
				CURRENT_PROJECT_VERSION = 1;
				GENERATE_INFOPLIST_FILE = YES;
				MARKETING_VERSION = 1.0;
				PRODUCT_BUNDLE_IDENTIFIER = com.elduverx.unitTestsTests;
				PRODUCT_NAME = "$(TARGET_NAME)";
				SWIFT_EMIT_LOC_STRINGS = NO;
				SWIFT_VERSION = 5.0;
				TARGETED_DEVICE_FAMILY = "1,2";
				TEST_HOST = "$(BUILT_PRODUCTS_DIR)/unitTests.app/$(BUNDLE_EXECUTABLE_FOLDER_PATH)/unitTests";
			};
			name = Debug;
		};
		85B5BEFD2A730B14009775C2 /* Release */ = {
			isa = XCBuildConfiguration;
			buildSettings = {
				BUNDLE_LOADER = "$(TEST_HOST)";
				CODE_SIGN_STYLE = Automatic;
				CURRENT_PROJECT_VERSION = 1;
				GENERATE_INFOPLIST_FILE = YES;
				MARKETING_VERSION = 1.0;
				PRODUCT_BUNDLE_IDENTIFIER = com.elduverx.unitTestsTests;
				PRODUCT_NAME = "$(TARGET_NAME)";
				SWIFT_EMIT_LOC_STRINGS = NO;
				SWIFT_VERSION = 5.0;
				TARGETED_DEVICE_FAMILY = "1,2";
				TEST_HOST = "$(BUILT_PRODUCTS_DIR)/unitTests.app/$(BUNDLE_EXECUTABLE_FOLDER_PATH)/unitTests";
			};
			name = Release;
		};
/* End XCBuildConfiguration section */

/* Begin XCConfigurationList section */
		85A7ACF52A7088E600343B33 /* Build configuration list for PBXProject "unitTests" */ = {
			isa = XCConfigurationList;
			buildConfigurations = (
				85A7AD062A7088E700343B33 /* Debug */,
				85A7AD072A7088E700343B33 /* Release */,
			);
			defaultConfigurationIsVisible = 0;
			defaultConfigurationName = Release;
		};
		85A7AD082A7088E700343B33 /* Build configuration list for PBXNativeTarget "unitTests" */ = {
			isa = XCConfigurationList;
			buildConfigurations = (
				85A7AD092A7088E700343B33 /* Debug */,
				85A7AD0A2A7088E700343B33 /* Release */,
			);
			defaultConfigurationIsVisible = 0;
			defaultConfigurationName = Release;
		};
		85B5BEFE2A730B14009775C2 /* Build configuration list for PBXNativeTarget "unitTestsTests" */ = {
			isa = XCConfigurationList;
			buildConfigurations = (
				85B5BEFC2A730B14009775C2 /* Debug */,
				85B5BEFD2A730B14009775C2 /* Release */,
			);
			defaultConfigurationIsVisible = 0;
			defaultConfigurationName = Release;
		};
/* End XCConfigurationList section */
	};
	rootObject = 85A7ACF22A7088E600343B33 /* Project object */;
}
